
Microsoft Visual Studio Solution File, Format Version 12.00
# Visual Studio Version 16
VisualStudioVersion = 16.0.31321.278
MinimumVisualStudioVersion = 10.0.40219.1
Project("{9A19103F-16F7-4668-BE54-9A1E7A4F7556}") = "WebApp-Service-Provider-DotNet", "WebApp-Service-Provider-DotNet\WebApp-Service-Provider-DotNet.csproj", "{4A8254FB-09CB-4CBF-9418-F7E6A95504CF}"
EndProject
Global
	GlobalSection(SolutionConfigurationPlatforms) = preSolution
		Debug|Any CPU = Debug|Any CPU
		Release|Any CPU = Release|Any CPU
	EndGlobalSection
	GlobalSection(ProjectConfigurationPlatforms) = postSolution
		{4A8254FB-09CB-4CBF-9418-F7E6A95504CF}.Debug|Any CPU.ActiveCfg = Debug|Any CPU
		{4A8254FB-09CB-4CBF-9418-F7E6A95504CF}.Debug|Any CPU.Build.0 = Debug|Any CPU
		{4A8254FB-09CB-4CBF-9418-F7E6A95504CF}.Release|Any CPU.ActiveCfg = Release|Any CPU
		{4A8254FB-09CB-4CBF-9418-F7E6A95504CF}.Release|Any CPU.Build.0 = Release|Any CPU
	EndGlobalSection
	GlobalSection(SolutionProperties) = preSolution
		HideSolutionNode = FALSE
	EndGlobalSection
	GlobalSection(ExtensibilityGlobals) = postSolution
		SolutionGuid = {8D4C59EC-6F2E-4277-AAE6-D8D71E851A17}
	EndGlobalSection
EndGlobal
